
Microsoft Visual Studio Solution File, Format Version 12.00
# Visual Studio 2013
VisualStudioVersion = 12.0.30110.0
MinimumVisualStudioVersion = 10.0.40219.1
Project("{FAE04EC0-301F-11D3-BF4B-00C04F79EFBC}") = "UnitTests", "src\Tests\UnitTests\UnitTests.csproj", "{87CDD0D4-C939-44B1-93EA-75618EA1789E}"
EndProject
Project("{FAE04EC0-301F-11D3-BF4B-00C04F79EFBC}") = "Auth_101.Model", "src\Model\Auth_101.Model\Auth_101.Model.csproj", "{59E095B0-998B-4AE6-AE8D-95778F28A476}"
EndProject
Project("{FAE04EC0-301F-11D3-BF4B-00C04F79EFBC}") = "Auth_101.Web", "src\WebAPI\Auth_101.WebAPI\Auth_101.WebAPI.csproj", "{E70DFE7D-8DD5-4147-BAB1-F640C1B508B0}"
EndProject
Global
	GlobalSection(SolutionConfigurationPlatforms) = preSolution
		Debug|Any CPU = Debug|Any CPU
		Release|Any CPU = Release|Any CPU
	EndGlobalSection
	GlobalSection(ProjectConfigurationPlatforms) = postSolution
		{87CDD0D4-C939-44B1-93EA-75618EA1789E}.Debug|Any CPU.ActiveCfg = Debug|Any CPU
		{87CDD0D4-C939-44B1-93EA-75618EA1789E}.Debug|Any CPU.Build.0 = Debug|Any CPU
		{87CDD0D4-C939-44B1-93EA-75618EA1789E}.Release|Any CPU.ActiveCfg = Release|Any CPU
		{87CDD0D4-C939-44B1-93EA-75618EA1789E}.Release|Any CPU.Build.0 = Release|Any CPU
		{59E095B0-998B-4AE6-AE8D-95778F28A476}.Debug|Any CPU.ActiveCfg = Debug|Any CPU
		{59E095B0-998B-4AE6-AE8D-95778F28A476}.Debug|Any CPU.Build.0 = Debug|Any CPU
		{59E095B0-998B-4AE6-AE8D-95778F28A476}.Release|Any CPU.ActiveCfg = Release|Any CPU
		{59E095B0-998B-4AE6-AE8D-95778F28A476}.Release|Any CPU.Build.0 = Release|Any CPU
		{E70DFE7D-8DD5-4147-BAB1-F640C1B508B0}.Debug|Any CPU.ActiveCfg = Debug|Any CPU
		{E70DFE7D-8DD5-4147-BAB1-F640C1B508B0}.Debug|Any CPU.Build.0 = Debug|Any CPU
		{E70DFE7D-8DD5-4147-BAB1-F640C1B508B0}.Release|Any CPU.ActiveCfg = Release|Any CPU
		{E70DFE7D-8DD5-4147-BAB1-F640C1B508B0}.Release|Any CPU.Build.0 = Release|Any CPU
	EndGlobalSection
	GlobalSection(SolutionProperties) = preSolution
		HideSolutionNode = FALSE
	EndGlobalSection
EndGlobal
